{
    "_meta": {
        "hash": {
            "sha256": "fb62dace795d5de9f33d79104489da78023c80c567a0dec4867b1b0db7b0dd0c"
        },
        "pipfile-spec": 6,
        "requires": {
            "python_version": "3.6"
        },
        "sources": [
            {
                "name": "pypi",
                "url": "https://pypi.python.org/simple",
                "verify_ssl": true
            }
        ]
    },
    "default": {
        "click": {
            "hashes": [
                "sha256:6a7a62563bbfabfda3a38f3023a1db4a35978c0abd76f6c9605ecd6554d6d9b1",
                "sha256:8458d7b1287c5fb128c90e23381cf99dcde74beaf6c7ff6384ce84d6fe090adb"
            ],
            "markers": "python_version >= '3.6'",
            "version": "==8.0.4"
        },
        "dataclasses": {
            "hashes": [
                "sha256:0201d89fa866f68c8ebd9d08ee6ff50c0b255f8ec63a71c16fda7af82bb887bf",
                "sha256:8479067f342acf957dc82ec415d355ab5edb7e7646b90dc6e2fd1d96ad084c97"
            ],
            "markers": "python_version < '3.7'",
            "version": "==0.8"
        },
        "diceware-utils": {
            "editable": true,
            "git": "https://github.com/patarapolw/diceware_utils.git",
            "ref": "bf0ef6892093d38fe03ed59acd378b12d08f73c6"
        },
        "docopt": {
            "hashes": [
                "sha256:49b3a825280bd66b3aa83585ef59c4a8c82f2c8a522dbe754a8bc8d08c85c491"
            ],
            "version": "==0.6.2"
        },
        "flask": {
            "hashes": [
                "sha256:2271c0070dbcb5275fad4a82e29f23ab92682dc45f9dfbc22c02ba9b9322ce48",
                "sha256:a080b744b7e345ccfcbc77954861cb05b3c63786e93f2b3875e0913d44b43f05"
            ],
            "index": "pypi",
            "version": "==1.0.2"
        },
        "gunicorn": {
            "hashes": [
                "sha256:7ef2b828b335ed58e3b64ffa84caceb0a7dd7c5ca12f217241350dec36a1d5dc",
                "sha256:bc59005979efb6d2dd7d5ba72d99f8a8422862ad17ff3a16e900684630dd2a10"
            ],
            "index": "pypi",
            "version": "==19.8.1"
        },
        "importlib-metadata": {
            "hashes": [
                "sha256:65a9576a5b2d58ca44d133c42a241905cc45e34d2c06fd5ba2bafa221e5d7b5e",
                "sha256:766abffff765960fcc18003801f7044eb6755ffae4521c8e8ce8e83b9c9b0668"
            ],
            "markers": "python_version < '3.8'",
            "version": "==4.8.3"
        },
        "itsdangerous": {
            "hashes": [
                "sha256:5174094b9637652bdb841a3029700391451bd092ba3db90600dea710ba28e97c",
                "sha256:9e724d68fc22902a1435351f84c3fb8623f303fffcc566a4cb952df8c572cff0"
            ],
            "markers": "python_version >= '3.6'",
            "version": "==2.0.1"
        },
        "jinja2": {
            "hashes": [
                "sha256:077ce6014f7b40d03b47d1f1ca4b0fc8328a692bd284016f806ed0eaca390ad8",
                "sha256:611bb273cd68f3b993fabdc4064fc858c5b47a973cb5aa7999ec1ba405c87cd7"
            ],
            "markers": "python_version >= '3.6'",
            "version": "==3.0.3"
        },
        "markovify": {
            "hashes": [
                "sha256:f016ef58f60a8afb925aa16803538561c4b00375bf0b7f84952c29993805b9a7"
            ],
            "index": "pypi",
            "version": "==0.7.1"
        },
        "markupsafe": {
            "hashes": [
                "sha256:01a9b8ea66f1658938f65b93a85ebe8bc016e6769611be228d797c9d998dd298",
                "sha256:023cb26ec21ece8dc3907c0e8320058b2e0cb3c55cf9564da612bc325bed5e64",
                "sha256:0446679737af14f45767963a1a9ef7620189912317d095f2d9ffa183a4d25d2b",
                "sha256:04635854b943835a6ea959e948d19dcd311762c5c0c6e1f0e16ee57022669194",
                "sha256:0717a7390a68be14b8c793ba258e075c6f4ca819f15edfc2a3a027c823718567",
                "sha256:0955295dd5eec6cb6cc2fe1698f4c6d84af2e92de33fbcac4111913cd100a6ff",
                "sha256:0d4b31cc67ab36e3392bbf3862cfbadac3db12bdd8b02a2731f509ed5b829724",
                "sha256:10f82115e21dc0dfec9ab5c0223652f7197feb168c940f3ef61563fc2d6beb74",
                "sha256:168cd0a3642de83558a5153c8bd34f175a9a6e7f6dc6384b9655d2697312a646",
                "sha256:1d609f577dc6e1aa17d746f8bd3c31aa4d258f4070d61b2aa5c4166c1539de35",
                "sha256:1f2ade76b9903f39aa442b4aadd2177decb66525062db244b35d71d0ee8599b6",
                "sha256:20dca64a3ef2d6e4d5d615a3fd418ad3bde77a47ec8a23d984a12b5b4c74491a",
                "sha256:2a7d351cbd8cfeb19ca00de495e224dea7e7d919659c2841bbb7f420ad03e2d6",
                "sha256:2d7d807855b419fc2ed3e631034685db6079889a1f01d5d9dac950f764da3dad",
                "sha256:2ef54abee730b502252bcdf31b10dacb0a416229b72c18b19e24a4509f273d26",
                "sha256:36bc903cbb393720fad60fc28c10de6acf10dc6cc883f3e24ee4012371399a38",
                "sha256:37205cac2a79194e3750b0af2a5720d95f786a55ce7df90c3af697bfa100eaac",
                "sha256:3c112550557578c26af18a1ccc9e090bfe03832ae994343cfdacd287db6a6ae7",
                "sha256:3dd007d54ee88b46be476e293f48c85048603f5f516008bee124ddd891398ed6",
                "sha256:4296f2b1ce8c86a6aea78613c34bb1a672ea0e3de9c6ba08a960efe0b0a09047",
                "sha256:47ab1e7b91c098ab893b828deafa1203de86d0bc6ab587b160f78fe6c4011f75",
                "sha256:49e3ceeabbfb9d66c3aef5af3a60cc43b85c33df25ce03d0031a608b0a8b2e3f",
                "sha256:4dc8f9fb58f7364b63fd9f85013b780ef83c11857ae79f2feda41e270468dd9b",
                "sha256:4efca8f86c54b22348a5467704e3fec767b2db12fc39c6d963168ab1d3fc9135",
                "sha256:53edb4da6925ad13c07b6d26c2a852bd81e364f95301c66e930ab2aef5b5ddd8",
                "sha256:5855f8438a7d1d458206a2466bf82b0f104a3724bf96a1c781ab731e4201731a",
                "sha256:594c67807fb16238b30c44bdf74f36c02cdf22d1c8cda91ef8a0ed8dabf5620a",
                "sha256:5b6d930f030f8ed98e3e6c98ffa0652bdb82601e7a016ec2ab5d7ff23baa78d1",
                "sha256:5bb28c636d87e840583ee3adeb78172efc47c8b26127267f54a9c0ec251d41a9",
                "sha256:60bf42e36abfaf9aff1f50f52644b336d4f0a3fd6d8a60ca0d054ac9f713a864",
                "sha256:611d1ad9a4288cf3e3c16014564df047fe08410e628f89805e475368bd304914",
                "sha256:6300b8454aa6930a24b9618fbb54b5a68135092bc666f7b06901f897fa5c2fee",
                "sha256:63f3268ba69ace99cab4e3e3b5840b03340efed0948ab8f78d2fd87ee5442a4f",
                "sha256:6557b31b5e2c9ddf0de32a691f2312a32f77cd7681d8af66c2692efdbef84c18",
                "sha256:693ce3f9e70a6cf7d2fb9e6c9d8b204b6b39897a2c4a1aa65728d5ac97dcc1d8",
                "sha256:6a7fae0dd14cf60ad5ff42baa2e95727c3d81ded453457771d02b7d2b3f9c0c2",
                "sha256:6c4ca60fa24e85fe25b912b01e62cb969d69a23a5d5867682dd3e80b5b02581d",
                "sha256:6fcf051089389abe060c9cd7caa212c707e58153afa2c649f00346ce6d260f1b",
                "sha256:7d91275b0245b1da4d4cfa07e0faedd5b0812efc15b702576d103293e252af1b",
                "sha256:89c687013cb1cd489a0f0ac24febe8c7a666e6e221b783e53ac50ebf68e45d86",
                "sha256:8d206346619592c6200148b01a2142798c989edcb9c896f9ac9722a99d4e77e6",
                "sha256:905fec760bd2fa1388bb5b489ee8ee5f7291d692638ea5f67982d968366bef9f",
                "sha256:97383d78eb34da7e1fa37dd273c20ad4320929af65d156e35a5e2d89566d9dfb",
                "sha256:984d76483eb32f1bcb536dc27e4ad56bba4baa70be32fa87152832cdd9db0833",
                "sha256:99df47edb6bda1249d3e80fdabb1dab8c08ef3975f69aed437cb69d0a5de1e28",
                "sha256:9f02365d4e99430a12647f09b6cc8bab61a6564363f313126f775eb4f6ef798e",
                "sha256:a30e67a65b53ea0a5e62fe23682cfe22712e01f453b95233b25502f7c61cb415",
                "sha256:ab3ef638ace319fa26553db0624c4699e31a28bb2a835c5faca8f8acf6a5a902",
                "sha256:aca6377c0cb8a8253e493c6b451565ac77e98c2951c45f913e0b52facdcff83f",
                "sha256:add36cb2dbb8b736611303cd3bfcee00afd96471b09cda130da3581cbdc56a6d",
                "sha256:b2f4bf27480f5e5e8ce285a8c8fd176c0b03e93dcc6646477d4630e83440c6a9",
                "sha256:b7f2d075102dc8c794cbde1947378051c4e5180d52d276987b8d28a3bd58c17d",
                "sha256:baa1a4e8f868845af802979fcdbf0bb11f94f1cb7ced4c4b8a351bb60d108145",
                "sha256:be98f628055368795d818ebf93da628541e10b75b41c559fdf36d104c5787066",
                "sha256:bf5d821ffabf0ef3533c39c518f3357b171a1651c1ff6827325e4489b0e46c3c",
                "sha256:c47adbc92fc1bb2b3274c4b3a43ae0e4573d9fbff4f54cd484555edbf030baf1",
                "sha256:cdfba22ea2f0029c9261a4bd07e830a8da012291fbe44dc794e488b6c9bb353a",
                "sha256:d6c7ebd4e944c85e2c3421e612a7057a2f48d478d79e61800d81468a8d842207",
                "sha256:d7f9850398e85aba693bb640262d3611788b1f29a79f0c93c565694658f4071f",
                "sha256:d8446c54dc28c01e5a2dbac5a25f071f6653e6e40f3a8818e8b45d790fe6ef53",
                "sha256:deb993cacb280823246a026e3b2d81c493c53de6acfd5e6bfe31ab3402bb37dd",
                "sha256:e0f138900af21926a02425cf736db95be9f4af72ba1bb21453432a07f6082134",
                "sha256:e9936f0b261d4df76ad22f8fee3ae83b60d7c3e871292cd42f40b81b70afae85",
                "sha256:f0567c4dc99f264f49fe27da5f735f414c4e7e7dd850cfd8e69f0862d7c74ea9",
                "sha256:f5653a225f31e113b152e56f154ccbe59eeb1c7487b39b9d9f9cdb58e6c79dc5",
                "sha256:f826e31d18b516f653fe296d967d700fddad5901ae07c622bb3705955e1faa94",
                "sha256:f8ba0e8349a38d3001fae7eadded3f6606f0da5d748ee53cc1dab1d6527b9509",
                "sha256:f9081981fe268bd86831e5c75f7de206ef275defcb82bc70740ae6dc507aee51",
                "sha256:fa130dd50c57d53368c9d59395cb5526eda596d3ffe36666cd81a44d56e48872"
            ],
            "markers": "python_version >= '3.6'",
            "version": "==2.0.1"
        },
        "mosestokenizer": {
            "hashes": [
                "sha256:438b3e35a221f7930c408e97e3f38af6d0cec74b991eb9edb00a44e3510e836d"
            ],
            "version": "==1.2.1"
        },
        "nltk": {
            "hashes": [
                "sha256:2661f9971d983db314bbebd51ba770811a362c6597fd0f303bb1d3beadcb4834",
                "sha256:8a3bad9ff7f67d2828a7915c2fab93e6ca910c2015ef40799e1805fccf2354e5"
            ],
            "index": "pypi",
            "version": "==3.2.5"
        },
        "openfile": {
            "hashes": [
                "sha256:d21b69dba1306c9dd397a44fd8f4fa8a83812f1d935c409085e8a25c411d16ec",
                "sha256:ea4e8f19112049f578ec161b12f70c1113144988c0a488ab173a138b50f37479"
            ],
            "version": "==0.0.7"
        },
        "pyyaml": {
            "hashes": [
                "sha256:0c507b7f74b3d2dd4d1322ec8a94794927305ab4cebbe89cc47fe5e81541e6e8",
                "sha256:16b20e970597e051997d90dc2cddc713a2876c47e3d92d59ee198700c5427736",
                "sha256:3262c96a1ca437e7e4763e2843746588a965426550f3797a79fca9c6199c431f",
                "sha256:326420cbb492172dec84b0f65c80942de6cedb5233c413dd824483989c000608",
                "sha256:4474f8ea030b5127225b8894d626bb66c01cda098d47a2b0d3429b6700af9fd8",
                "sha256:592766c6303207a20efc445587778322d7f73b161bd994f227adaa341ba212ab",
                "sha256:5ac82e411044fb129bae5cfbeb3ba626acb2af31a8d17d175004b70862a741a7",
                "sha256:5f84523c076ad14ff5e6c037fe1c89a7f73a3e04cf0377cb4d017014976433f3",
                "sha256:827dc04b8fa7d07c44de11fabbc888e627fa8293b695e0f99cb544fdfa1bf0d1",
                "sha256:b4c423ab23291d3945ac61346feeb9a0dc4184999ede5e7c43e1ffb975130ae6",
                "sha256:bc6bced57f826ca7cb5125a10b23fd0f2fff3b7c4701d64c439a300ce665fff8",
                "sha256:c01b880ec30b5a6e6aa67b09a2fe3fb30473008c85cd6a67359a1b15ed6d83a4",
                "sha256:ca233c64c6e40eaa6c66ef97058cdc80e8d0157a443655baa1b2966e812807ca",
                "sha256:e863072cdf4c72eebf179342c94e6989c67185842d9997960b3e69290b2fa269"
            ],
            "index": "pypi",
            "version": "==3.12"
        },
        "randomsentence": {
            "editable": true,
            "git": "https://github.com/patarapolw/randomsentence.git",
            "ref": "be4300e2e3fe4ab299268b05b0fe64de4f0aeb82"
        },
        "six": {
            "hashes": [
                "sha256:1e61c37477a1626458e36f7b1d82aa5c9b094fa4802892072e49de9c60c4c926",
                "sha256:8abb2f1d86890a2dfb989f9a77cfcfd3e47c2a354b01111771326f8aa26e0254"
            ],
            "markers": "python_version >= '2.7' and python_version not in '3.0, 3.1, 3.2, 3.3'",
            "version": "==1.16.0"
        },
        "toolwrapper": {
            "hashes": [
                "sha256:128088c93cb02fcaa6701c488e62e027f45ca5597b5c9bcf28816ad70e830bf7"
            ],
            "version": "==2.1.0"
        },
        "typing-extensions": {
            "hashes": [
                "sha256:1a9462dcc3347a79b1f1c0271fbe79e844580bb598bafa1ed208b94da3cdcd42",
                "sha256:21c85e0fe4b9a155d0799430b0ad741cdce7e359660ccbd8b530613e8df88ce2"
            ],
            "markers": "python_version < '3.8'",
            "version": "==4.1.1"
        },
        "uctools": {
            "hashes": [
                "sha256:6bc0d947215af420534c0f62dcc0272f0b6066ed5545eec88e9a3c2313f6b826"
            ],
            "markers": "python_version >= '3'",
            "version": "==1.3.0"
        },
        "unidecode": {
            "hashes": [
                "sha256:547d7c479e4f377b430dd91ac1275d593308dce0fc464fb2ab7d41f82ec653be",
                "sha256:fed09cf0be8cf415b391642c2a5addfc72194407caee4f98719e40ec2a72b830"
            ],
            "markers": "python_version >= '3.5'",
            "version": "==1.3.6"
        },
        "werkzeug": {
            "hashes": [
                "sha256:1421ebfc7648a39a5c58c601b154165d05cf47a3cd0ccb70857cbdacf6c8f2b8",
                "sha256:b863f8ff057c522164b6067c9e28b041161b4be5ba4d0daceeaa50a163822d3c"
            ],
            "markers": "python_version >= '3.6'",
            "version": "==2.0.3"
        },
        "zipp": {
            "hashes": [
                "sha256:71c644c5369f4a6e07636f0aa966270449561fcea2e3d6747b8d23efaa9d7832",
                "sha256:9fe5ea21568a0a70e50f273397638d39b03353731e6cbbb3fd8502a33fec40bc"
            ],
            "markers": "python_version >= '3.6'",
            "version": "==3.6.0"
        }
    },
    "develop": {
        "attrs": {
            "hashes": [
                "sha256:29adc2665447e5191d0e7c568fde78b21f9672d344281d0c6e1ab085429b22b6",
                "sha256:86efa402f67bf2df34f51a335487cf46b1ec130d02b8d39fd248abfd30da551c"
            ],
            "markers": "python_version >= '3.5'",
            "version": "==22.1.0"
        },
        "click": {
            "hashes": [
                "sha256:6a7a62563bbfabfda3a38f3023a1db4a35978c0abd76f6c9605ecd6554d6d9b1",
                "sha256:8458d7b1287c5fb128c90e23381cf99dcde74beaf6c7ff6384ce84d6fe090adb"
            ],
            "markers": "python_version >= '3.6'",
            "version": "==8.0.4"
        },
        "execnet": {
            "hashes": [
                "sha256:8f694f3ba9cc92cab508b152dcfe322153975c29bda272e2fd7f3f00f36e47c5",
                "sha256:a295f7cc774947aac58dde7fdc85f4aa00c42adf5d8f5468fc630c1acf30a142"
            ],
            "markers": "python_version >= '2.7' and python_version not in '3.0, 3.1, 3.2, 3.3, 3.4'",
            "version": "==1.9.0"
        },
        "importlib-metadata": {
            "hashes": [
                "sha256:65a9576a5b2d58ca44d133c42a241905cc45e34d2c06fd5ba2bafa221e5d7b5e",
                "sha256:766abffff765960fcc18003801f7044eb6755ffae4521c8e8ce8e83b9c9b0668"
            ],
            "markers": "python_version < '3.8'",
            "version": "==4.8.3"
        },
        "importlib-resources": {
            "hashes": [
                "sha256:33a95faed5fc19b4bc16b29a6eeae248a3fe69dd55d4d229d2b480e23eeaad45",
                "sha256:d756e2f85dd4de2ba89be0b21dba2a3bbec2e871a42a3a16719258a11f87506b"
            ],
            "markers": "python_version < '3.7'",
            "version": "==5.4.0"
        },
        "joblib": {
            "hashes": [
                "sha256:301f0375f49586a7effee3f6348c419d5765fca1c750186b20690a0d90b82900",
                "sha256:f9d6c3cdf2a7778e9058e10e9dba028e47771a1a355e5768f46704bf05342eba"
            ],
            "markers": "python_version >= '3.6'",
            "version": "==1.1.1"
        },
        "metaphone": {
            "hashes": [
                "sha256:ad0beadca66cb7ec6ede71ef72bb02da097c493ddf159930d6340bc83f53da27"
            ],
            "version": "==0.6"
        },
        "more-itertools": {
            "hashes": [
                "sha256:1bc4f91ee5b1b31ac7ceacc17c09befe6a40a503907baf9c839c229b5095cfd2",
                "sha256:c09443cd3d5438b8dafccd867a6bc1cb0894389e90cb53d227456b0b0bccb750"
            ],
            "markers": "python_version >= '3.5'",
            "version": "==8.14.0"
        },
        "nltk": {
            "hashes": [
                "sha256:2661f9971d983db314bbebd51ba770811a362c6597fd0f303bb1d3beadcb4834",
                "sha256:8a3bad9ff7f67d2828a7915c2fab93e6ca910c2015ef40799e1805fccf2354e5"
            ],
            "index": "pypi",
            "version": "==3.2.5"
        },
        "numpy": {
            "hashes": [
                "sha256:012426a41bc9ab63bb158635aecccc7610e3eff5d31d1eb43bc099debc979d94",
                "sha256:06fab248a088e439402141ea04f0fffb203723148f6ee791e9c75b3e9e82f080",
                "sha256:0eef32ca3132a48e43f6a0f5a82cb508f22ce5a3d6f67a8329c81c8e226d3f6e",
                "sha256:1ded4fce9cfaaf24e7a0ab51b7a87be9038ea1ace7f34b841fe3b6894c721d1c",
                "sha256:2e55195bc1c6b705bfd8ad6f288b38b11b1af32f3c8289d6c50d47f950c12e76",
                "sha256:2ea52bd92ab9f768cc64a4c3ef8f4b2580a17af0a5436f6126b08efbd1838371",
                "sha256:36674959eed6957e61f11c912f71e78857a8d0604171dfd9ce9ad5cbf41c511c",
                "sha256:384ec0463d1c2671170901994aeb6dce126de0a95ccc3976c43b0038a37329c2",
                "sha256:39b70c19ec771805081578cc936bbe95336798b7edf4732ed102e7a43ec5c07a",
                "sha256:400580cbd3cff6ffa6293df2278c75aef2d58d8d93d3c5614cd67981dae68ceb",
                "sha256:43d4c81d5ffdff6bae58d66a3cd7f54a7acd9a0e7b18d97abb255defc09e3140",
                "sha256:50a4a0ad0111cc1b71fa32dedd05fa239f7fb5a43a40663269bb5dc7877cfd28",
                "sha256:603aa0706be710eea8884af807b1b3bc9fb2e49b9f4da439e76000f3b3c6ff0f",
                "sha256:6149a185cece5ee78d1d196938b2a8f9d09f5a5ebfbba66969302a778d5ddd1d",
                "sha256:759e4095edc3c1b3ac031f34d9459fa781777a93ccc633a472a5468587a190ff",
                "sha256:7fb43004bce0ca31d8f13a6eb5e943fa73371381e53f7074ed21a4cb786c32f8",
                "sha256:811daee36a58dc79cf3d8bdd4a490e4277d0e4b7d103a001a4e73ddb48e7e6aa",
                "sha256:8b5e972b43c8fc27d56550b4120fe6257fdc15f9301914380b27f74856299fea",
                "sha256:99abf4f353c3d1a0c7a5f27699482c987cf663b1eac20db59b8c7b061eabd7fc",
                "sha256:a0d53e51a6cb6f0d9082decb7a4cb6dfb33055308c4c44f53103c073f649af73",
                "sha256:a12ff4c8ddfee61f90a1633a4c4afd3f7bcb32b11c52026c92a12e1325922d0d",
                "sha256:a4646724fba402aa7504cd48b4b50e783296b5e10a524c7a6da62e4a8ac9698d",
                "sha256:a76f502430dd98d7546e1ea2250a7360c065a5fdea52b2dffe8ae7180909b6f4",
                "sha256:a9d17f2be3b427fbb2bce61e596cf555d6f8a56c222bd2ca148baeeb5e5c783c",
                "sha256:ab83f24d5c52d60dbc8cd0528759532736b56db58adaa7b5f1f76ad551416a1e",
                "sha256:aeb9ed923be74e659984e321f609b9ba54a48354bfd168d21a2b072ed1e833ea",
                "sha256:c843b3f50d1ab7361ca4f0b3639bf691569493a56808a0b0c54a051d260b7dbd",
                "sha256:cae865b1cae1ec2663d8ea56ef6ff185bad091a5e33ebbadd98de2cfa3fa668f",
                "sha256:cc6bd4fd593cb261332568485e20a0712883cf631f6f5e8e86a52caa8b2b50ff",
                "sha256:cf2402002d3d9f91c8b01e66fbb436a4ed01c6498fffed0e4c7566da1d40ee1e",
                "sha256:d051ec1c64b85ecc69531e1137bb9751c6830772ee5c1c426dbcfe98ef5788d7",
                "sha256:d6631f2e867676b13026e2846180e2c13c1e11289d67da08d71cacb2cd93d4aa",
                "sha256:dbd18bcf4889b720ba13a27ec2f2aac1981bd41203b3a3b27ba7a33f88ae4827",
                "sha256:df609c82f18c5b9f6cb97271f03315ff0dbe481a2a02e56aeb1b1a985ce38e60"
            ],
            "markers": "python_version >= '3.6'",
            "version": "==1.19.5"
        },
        "passwordstrength": {
            "editable": true,
            "git": "https://github.com/patarapolw/passwordstrength.git",
            "ref": "04220701731fb4fce7e663896cbe31c5f2716aef"
        },
        "pluggy": {
            "hashes": [
                "sha256:7f8ae7f5bdf75671a718d2daf0a64b7885f74510bcd98b1a0bb420eb9a9d0cff",
                "sha256:d345c8fe681115900d6da8d048ba67c25df42973bda370783cd58826442dcd7c",
                "sha256:e160a7fcf25762bb60efc7e171d4497ff1d8d2d75a3d0df7a21b76821ecbf5c5"
            ],
            "markers": "python_version >= '2.7' and python_version not in '3.0, 3.1, 3.2, 3.3'",
            "version": "==0.6.0"
        },
        "pronounceable": {
            "editable": true,
            "git": "https://github.com/patarapolw/pronounceable.git",
            "ref": "c59fd0f6b392f40df68089628740f2edc418bad2"
        },
        "py": {
            "hashes": [
                "sha256:21b81bda15b66ef5e1a777a21c4dcd9c20ad3efd0b3f817e7a809035269e1bd3",
                "sha256:3b80836aa6d1feeaa108e046da6423ab8f6ceda6468545ae8d02d9d58d18818a"
            ],
            "index": "pypi",
            "version": "==1.10.0"
        },
        "pytest": {
            "hashes": [
                "sha256:54713b26c97538db6ff0703a12b19aeaeb60b5e599de542e7fca0ec83b9038e8",
                "sha256:829230122facf05a5f81a6d4dfe6454a04978ea3746853b2b84567ecf8e5c526"
            ],
            "index": "pypi",
            "version": "==3.5.1"
        },
        "pytest-doctestplus": {
            "hashes": [
                "sha256:91a5f81ff9e2038d363f6d49f4ec3c1b9726cc989ae8e3f227689a3793aa51fc"
            ],
            "index": "pypi",
            "version": "==0.1.3"
        },
        "pytest-forked": {
            "hashes": [
                "sha256:42a438336731465c5bd76ab38e1645647ac55914a08b507efbabe8783a08aa6c",
                "sha256:65f96334863d9cbe53d21f73e8febc4dd61b8d1fdcac7b487d9af07a5d02a938"
            ],
            "markers": "python_version >= '2.7' and python_version not in '3.0, 3.1, 3.2, 3.3, 3.4'",
            "version": "==1.2.0"
        },
        "pytest-repeat": {
            "hashes": [
                "sha256:5eb775a6ffc76eab980a7f9fce433a1cc3edf091545ae558a9ab8d88a0f07d00",
                "sha256:9fc2cc37be87212c5d98e92723cf26bc72d86159bf6c1bafc176270245867c51"
            ],
            "index": "pypi",
            "version": "==0.4.1"
        },
        "pytest-timeout": {
            "hashes": [
                "sha256:142739bc1f0687fccb0f013d36c5bbebd0b14b546404e79f4158010e81e5013b",
                "sha256:68b7d264633d5d33ee6b14ce3a7f7d05f8fd9d2f6ae594283221ec021736b7cd"
            ],
            "index": "pypi",
            "version": "==1.2.1"
        },
        "pytest-xdist": {
            "hashes": [
                "sha256:be2662264b035920ba740ed6efb1c816a83c8a22253df7766d129f6a7bfdbd35",
                "sha256:e8f5744acc270b3e7d915bdb4d5f471670f049b6fbd163d4cbd52203b075d30f"
            ],
            "index": "pypi",
            "version": "==1.22.2"
        },
        "pyyaml": {
            "hashes": [
                "sha256:0c507b7f74b3d2dd4d1322ec8a94794927305ab4cebbe89cc47fe5e81541e6e8",
                "sha256:16b20e970597e051997d90dc2cddc713a2876c47e3d92d59ee198700c5427736",
                "sha256:3262c96a1ca437e7e4763e2843746588a965426550f3797a79fca9c6199c431f",
                "sha256:326420cbb492172dec84b0f65c80942de6cedb5233c413dd824483989c000608",
                "sha256:4474f8ea030b5127225b8894d626bb66c01cda098d47a2b0d3429b6700af9fd8",
                "sha256:592766c6303207a20efc445587778322d7f73b161bd994f227adaa341ba212ab",
                "sha256:5ac82e411044fb129bae5cfbeb3ba626acb2af31a8d17d175004b70862a741a7",
                "sha256:5f84523c076ad14ff5e6c037fe1c89a7f73a3e04cf0377cb4d017014976433f3",
                "sha256:827dc04b8fa7d07c44de11fabbc888e627fa8293b695e0f99cb544fdfa1bf0d1",
                "sha256:b4c423ab23291d3945ac61346feeb9a0dc4184999ede5e7c43e1ffb975130ae6",
                "sha256:bc6bced57f826ca7cb5125a10b23fd0f2fff3b7c4701d64c439a300ce665fff8",
                "sha256:c01b880ec30b5a6e6aa67b09a2fe3fb30473008c85cd6a67359a1b15ed6d83a4",
                "sha256:ca233c64c6e40eaa6c66ef97058cdc80e8d0157a443655baa1b2966e812807ca",
                "sha256:e863072cdf4c72eebf179342c94e6989c67185842d9997960b3e69290b2fa269"
            ],
            "index": "pypi",
            "version": "==3.12"
        },
        "regex": {
            "hashes": [
                "sha256:003a2e1449d425afc817b5f0b3d4c4aa9072dd5f3dfbf6c7631b8dc7b13233de",
                "sha256:0385d66e73cdd4462f3cc42c76a6576ddcc12472c30e02a2ae82061bff132c32",
                "sha256:0394265391a86e2bbaa7606e59ac71bd9f1edf8665a59e42771a9c9adbf6fd4f",
                "sha256:03ff695518482b946a6d3d4ce9cbbd99a21320e20d94913080aa3841f880abcd",
                "sha256:079c182f99c89524069b9cd96f5410d6af437e9dca576a7d59599a574972707e",
                "sha256:091efcfdd4178a7e19a23776dc2b1fafb4f57f4d94daf340f98335817056f874",
                "sha256:0b664a4d33ffc6be10996606dfc25fd3248c24cc589c0b139feb4c158053565e",
                "sha256:14216ea15efc13f28d0ef1c463d86d93ca7158a79cd4aec0f9273f6d4c6bb047",
                "sha256:14a7ab070fa3aec288076eed6ed828587b805ef83d37c9bfccc1a4a7cfbd8111",
                "sha256:14c71437ffb89479c89cc7022a5ea2075a842b728f37205e47c824cc17b30a42",
                "sha256:18e503b1e515a10282b3f14f1b3d856194ecece4250e850fad230842ed31227f",
                "sha256:19a4da6f513045f5ba00e491215bd00122e5bd131847586522463e5a6b2bd65f",
                "sha256:1a901ce5cd42658ab8f8eade51b71a6d26ad4b68c7cfc86b87efc577dfa95602",
                "sha256:26df88c9636a0c3f3bd9189dd435850a0c49d0b7d6e932500db3f99a6dd604d1",
                "sha256:2dda4b096a6f630d6531728a45bd12c67ec3badf44342046dc77d4897277d4f2",
                "sha256:322bd5572bed36a5b39952d88e072738926759422498a96df138d93384934ff8",
                "sha256:360ffbc9357794ae41336b681dff1c0463193199dfb91fcad3ec385ea4972f46",
                "sha256:37e5a26e76c46f54b3baf56a6fdd56df9db89758694516413757b7d127d4c57b",
                "sha256:3d64e1a7e6d98a4cdc8b29cb8d8ed38f73f49e55fbaa737bdb5933db99b9de22",
                "sha256:3f3b4594d564ed0b2f54463a9f328cf6a5b2a32610a90cdff778d6e3e561d08b",
                "sha256:4146cb7ae6029fc83b5c905ec6d806b7e5568dc14297c423e66b86294bad6c39",
                "sha256:4318f69b79f9f7d84a7420e97d4bfe872dc767c72f891d4fea5fa721c74685f7",
                "sha256:4cdbfa6d2befeaee0c899f19222e9b20fc5abbafe5e9c43a46ef819aeb7b75e5",
                "sha256:50e764ffbd08b06aa8c4e86b8b568b6722c75d301b33b259099f237c46b2134e",
                "sha256:518272f25da93e02af4f1e94985f5042cec21557ef3591027d0716f2adda5d0a",
                "sha256:592b9e2e1862168e71d9e612bfdc22c451261967dbd46681f14e76dfba7105fd",
                "sha256:59a786a55d00439d8fae4caaf71581f2aaef7297d04ee60345c3594efef5648a",
                "sha256:59bac44b5a07b08a261537f652c26993af9b1bbe2a29624473968dd42fc29d56",
                "sha256:5d0dd8b06896423211ce18fba0c75dacc49182a1d6514c004b535be7163dca0f",
                "sha256:67a4c625361db04ae40ef7c49d3cbe2c1f5ff10b5a4491327ab20f19f2fb5d40",
                "sha256:6adfe300848d61a470ec7547adc97b0ccf86de86a99e6830f1d8c8d19ecaf6b3",
                "sha256:6b32b45433df1fad7fed738fe15200b6516da888e0bd1fdd6aa5e50cc16b76bc",
                "sha256:6c57d50d4d5eb0c862569ca3c840eba2a73412f31d9ecc46ef0d6b2e621a592b",
                "sha256:6d43bd402b27e0e7eae85c612725ba1ce7798f20f6fab4e8bc3de4f263294f03",
                "sha256:6e521d9db006c5e4a0f8acfef738399f72b704913d4e083516774eb51645ad7c",
                "sha256:6fe1dd1021e0f8f3f454ce2811f1b0b148f2d25bb38c712fec00316551e93650",
                "sha256:73b985c9fc09a7896846e26d7b6f4d1fd5a20437055f4ef985d44729f9f928d0",
                "sha256:7681c49da1a2d4b905b4f53d86c9ba4506e79fba50c4a664d9516056e0f7dfcc",
                "sha256:77c2879d3ba51e5ca6c2b47f2dcf3d04a976a623a8fc8236010a16c9e0b0a3c7",
                "sha256:7b0c5cc3d1744a67c3b433dce91e5ef7c527d612354c1f1e8576d9e86bc5c5e2",
                "sha256:7fcf7f94ccad19186820ac67e2ec7e09e0ac2dac39689f11cf71eac580503296",
                "sha256:83cc32a1a2fa5bac00f4abc0e6ce142e3c05d3a6d57e23bd0f187c59b4e1e43b",
                "sha256:8418ee2cb857b83881b8f981e4c636bc50a0587b12d98cb9b947408a3c484fe7",
                "sha256:86df2049b18745f3cd4b0f4c4ef672bfac4b80ca488e6ecfd2bbfe68d2423a2c",
                "sha256:880dbeb6bdde7d926b4d8e41410b16ffcd4cb3b4c6d926280fea46e2615c7a01",
                "sha256:8aba0d01e3dfd335f2cb107079b07fdddb4cd7fb2d8c8a1986f9cb8ce9246c24",
                "sha256:8dcbcc9e72a791f622a32d17ff5011326a18996647509cac0609a7fc43adc229",
                "sha256:944567bb08f52268d8600ee5bdf1798b2b62ea002cc692a39cec113244cbdd0d",
                "sha256:995e70bb8c91d1b99ed2aaf8ec44863e06ad1dfbb45d7df95f76ef583ec323a9",
                "sha256:99945ddb4f379bb9831c05e9f80f02f079ba361a0fb1fba1fc3b267639b6bb2e",
                "sha256:9a165a05979e212b2c2d56a9f40b69c811c98a788964e669eb322de0a3e420b4",
                "sha256:9bc8edc5f8ef0ebb46f3fa0d02bd825bbe9cc63d59e428ffb6981ff9672f6de1",
                "sha256:a1aec4ae549fd7b3f52ceaf67e133010e2fba1538bf4d5fc5cd162a5e058d5df",
                "sha256:a1c4d17879dd4c4432c08a1ca1ab379f12ab54af569e945b6fc1c4cf6a74ca45",
                "sha256:a2b39ee3b280e15824298b97cec3f7cbbe6539d8282cc8a6047a455b9a72c598",
                "sha256:a2effeaf50a6838f3dd4d3c5d265f06eabc748f476e8441892645ae3a697e273",
                "sha256:a59d0377e58d96a6f11636e97992f5b51b7e1e89eb66332d1c01b35adbabfe8a",
                "sha256:a926339356fe29595f8e37af71db37cd87ff764e15da8ad5129bbaff35bcc5a6",
                "sha256:a9eb9558e1d0f78e07082d8a70d5c4d631c8dd75575fae92105df9e19c736730",
                "sha256:ab07934725e6f25c6f87465976cc69aef1141e86987af49d8c839c3ffd367c72",
                "sha256:ad75173349ad79f9d21e0d0896b27dcb37bfd233b09047bc0b4d226699cf5c87",
                "sha256:b7b701dbc124558fd2b1b08005eeca6c9160e209108fbcbd00091fcfac641ac7",
                "sha256:b7bee775ff05c9d519195bd9e8aaaccfe3971db60f89f89751ee0f234e8aeac5",
                "sha256:b86548b8234b2be3985dbc0b385e35f5038f0f3e6251464b827b83ebf4ed90e5",
                "sha256:b9d68eb704b24bc4d441b24e4a12653acd07d2c39940548761e0985a08bc1fff",
                "sha256:c0b7cb9598795b01f9a3dd3f770ab540889259def28a3bf9b2fa24d52edecba3",
                "sha256:cab548d6d972e1de584161487b2ac1aa82edd8430d1bde69587ba61698ad1cfb",
                "sha256:ce331b076b2b013e7d7f07157f957974ef0b0881a808e8a4a4b3b5105aee5d04",
                "sha256:cfa4c956ff0a977c4823cb3b930b0a4e82543b060733628fec7ab3eb9b1abe37",
                "sha256:d23ac6b4bf9e32fcde5fcdb2e1fd5e7370d6693fcac51ee1d340f0e886f50d1f",
                "sha256:d2885ec6eea629c648ecc9bde0837ec6b92208b7f36381689937fe5d64a517e8",
                "sha256:d2a1371dc73e921f3c2e087c05359050f3525a9a34b476ebc8130e71bec55e97",
                "sha256:d3102ab9bf16bf541ca228012d45d88d2a567c9682a805ae2c145a79d3141fdd",
                "sha256:d5b003d248e6f292475cd24b04e5f72c48412231961a675edcb653c70730e79e",
                "sha256:d5edd3eb877c9fc2e385173d4a4e1d792bf692d79e25c1ca391802d36ecfaa01",
                "sha256:d7430f041755801b712ec804aaf3b094b9b5facbaa93a6339812a8e00d7bd53a",
                "sha256:d837ccf3bd2474feabee96cd71144e991472e400ed26582edc8ca88ce259899c",
                "sha256:dab81cc4d58026861445230cfba27f9825e9223557926e7ec22156a1a140d55c",
                "sha256:db45016364eec9ddbb5af93c8740c5c92eb7f5fc8848d1ae04205a40a1a2efc6",
                "sha256:df8fe00b60e4717662c7f80c810ba66dcc77309183c76b7754c0dff6f1d42054",
                "sha256:e6e6e61e9a38b6cc60ca3e19caabc90261f070f23352e66307b3d21a24a34aaf",
                "sha256:ee7045623a5ace70f3765e452528b4c1f2ce669ed31959c63f54de64fe2f6ff7",
                "sha256:f06cc1190f3db3192ab8949e28f2c627e1809487e2cfc435b6524c1ce6a2f391",
                "sha256:f07373b6e56a6f3a0df3d75b651a278ca7bd357a796078a26a958ea1ce0588fd",
                "sha256:f6e0321921d2fdc082ef90c1fd0870f129c2e691bfdc4937dcb5cd308aba95c4",
                "sha256:f6e167d1ccd41d27b7b6655bb7a2dcb1b1eb1e0d2d662043470bd3b4315d8b2b",
                "sha256:fcbd1edff1473d90dc5cf4b52d355cf1f47b74eb7c85ba6e45f45d0116b8edbd",
                "sha256:fe428822b7a8c486bcd90b334e9ab541ce6cc0d6106993d59f201853e5e14121"
            ],
            "markers": "python_version >= '3.6'",
            "version": "==2022.9.13"
        },
        "setuptools": {
            "hashes": [
                "sha256:22c7348c6d2976a52632c67f7ab0cdf40147db7789f9aed18734643fe9cf3373",
                "sha256:4ce92f1e1f8f01233ee9952c04f6b81d1e02939d6e1b488428154974a4d0783e"
            ],
            "markers": "python_version >= '3.6'",
            "version": "==59.6.0"
        },
        "six": {
            "hashes": [
                "sha256:1e61c37477a1626458e36f7b1d82aa5c9b094fa4802892072e49de9c60c4c926",
                "sha256:8abb2f1d86890a2dfb989f9a77cfcfd3e47c2a354b01111771326f8aa26e0254"
            ],
            "markers": "python_version >= '2.7' and python_version not in '3.0, 3.1, 3.2, 3.3'",
            "version": "==1.16.0"
        },
        "tqdm": {
            "hashes": [
                "sha256:5f4f682a004951c1b450bc753c710e9280c5746ce6ffedee253ddbcbf54cf1e4",
                "sha256:6fee160d6ffcd1b1c68c65f14c829c22832bc401726335ce92c52d395944a6a1"
            ],
            "markers": "python_version >= '2.7' and python_version not in '3.0, 3.1, 3.2, 3.3'",
            "version": "==4.64.1"
        },
        "typing-extensions": {
            "hashes": [
                "sha256:1a9462dcc3347a79b1f1c0271fbe79e844580bb598bafa1ed208b94da3cdcd42",
                "sha256:21c85e0fe4b9a155d0799430b0ad741cdce7e359660ccbd8b530613e8df88ce2"
            ],
            "markers": "python_version < '3.8'",
            "version": "==4.1.1"
        },
        "zipp": {
            "hashes": [
                "sha256:71c644c5369f4a6e07636f0aa966270449561fcea2e3d6747b8d23efaa9d7832",
                "sha256:9fe5ea21568a0a70e50f273397638d39b03353731e6cbbb3fd8502a33fec40bc"
            ],
            "markers": "python_version >= '3.6'",
            "version": "==3.6.0"
        }
    }
}
